
Microsoft Visual Studio Solution File, Format Version 12.00
# Visual Studio Version 16
VisualStudioVersion = 16.0.29326.143
MinimumVisualStudioVersion = 10.0.40219.1
Project("{FAE04EC0-301F-11D3-BF4B-00C04F79EFBC}") = "Open-Lab-03.08", "Open-Lab-03.08.csproj", "{2233C6CD-F85A-4968-BC37-C84205B349E5}"
EndProject
Global
	GlobalSection(SolutionConfigurationPlatforms) = preSolution
		Debug|Any CPU = Debug|Any CPU
		Release|Any CPU = Release|Any CPU
	EndGlobalSection
	GlobalSection(ProjectConfigurationPlatforms) = postSolution
		{2233C6CD-F85A-4968-BC37-C84205B349E5}.Debug|Any CPU.ActiveCfg = Debug|Any CPU
		{2233C6CD-F85A-4968-BC37-C84205B349E5}.Debug|Any CPU.Build.0 = Debug|Any CPU
		{2233C6CD-F85A-4968-BC37-C84205B349E5}.Release|Any CPU.ActiveCfg = Release|Any CPU
		{2233C6CD-F85A-4968-BC37-C84205B349E5}.Release|Any CPU.Build.0 = Release|Any CPU
	EndGlobalSection
	GlobalSection(SolutionProperties) = preSolution
		HideSolutionNode = FALSE
	EndGlobalSection
	GlobalSection(ExtensibilityGlobals) = postSolution
		SolutionGuid = {CD209052-C39C-4B3A-B823-C90CD38D7131}
	EndGlobalSection
EndGlobal
